// !$*UTF8*$!
{
	archiveVersion = 1;
	classes = {
	};
	objectVersion = 50;
	objects = {

/* Begin PBXBuildFile section */
		3133B6B42548731D00D633BB /* AppDelegate.swift in Sources */ = {isa = PBXBuildFile; fileRef = 3133B6B32548731D00D633BB /* AppDelegate.swift */; };
		3133B6B62548731D00D633BB /* SceneDelegate.swift in Sources */ = {isa = PBXBuildFile; fileRef = 3133B6B52548731D00D633BB /* SceneDelegate.swift */; };
		3133B6B82548731D00D633BB /* ViewController.swift in Sources */ = {isa = PBXBuildFile; fileRef = 3133B6B72548731D00D633BB /* ViewController.swift */; };
		3133B6BB2548731D00D633BB /* Main.storyboard in Resources */ = {isa = PBXBuildFile; fileRef = 3133B6B92548731D00D633BB /* Main.storyboard */; };
		3133B6BD2548731F00D633BB /* Assets.xcassets in Resources */ = {isa = PBXBuildFile; fileRef = 3133B6BC2548731F00D633BB /* Assets.xcassets */; };
		3133B6C02548731F00D633BB /* LaunchScreen.storyboard in Resources */ = {isa = PBXBuildFile; fileRef = 3133B6BE2548731F00D633BB /* LaunchScreen.storyboard */; };
		31927A3C255095E6003EF79E /* CoreData.swift in Sources */ = {isa = PBXBuildFile; fileRef = 31927A3B255095E6003EF79E /* CoreData.swift */; };
		31927A412550BCD7003EF79E /* CHCSVParser.m in Sources */ = {isa = PBXBuildFile; fileRef = 31927A402550BCD7003EF79E /* CHCSVParser.m */; };
/* End PBXBuildFile section */

/* Begin PBXFileReference section */
		3133B6B02548731D00D633BB /* CoreMotionTask.app */ = {isa = PBXFileReference; explicitFileType = wrapper.application; includeInIndex = 0; path = CoreMotionTask.app; sourceTree = BUILT_PRODUCTS_DIR; };
		3133B6B32548731D00D633BB /* AppDelegate.swift */ = {isa = PBXFileReference; lastKnownFileType = sourcecode.swift; path = AppDelegate.swift; sourceTree = "<group>"; };
		3133B6B52548731D00D633BB /* SceneDelegate.swift */ = {isa = PBXFileReference; lastKnownFileType = sourcecode.swift; path = SceneDelegate.swift; sourceTree = "<group>"; };
		3133B6B72548731D00D633BB /* ViewController.swift */ = {isa = PBXFileReference; lastKnownFileType = sourcecode.swift; path = ViewController.swift; sourceTree = "<group>"; };
		3133B6BA2548731D00D633BB /* Base */ = {isa = PBXFileReference; lastKnownFileType = file.storyboard; name = Base; path = Base.lproj/Main.storyboard; sourceTree = "<group>"; };
		3133B6BC2548731F00D633BB /* Assets.xcassets */ = {isa = PBXFileReference; lastKnownFileType = folder.assetcatalog; path = Assets.xcassets; sourceTree = "<group>"; };
		3133B6BF2548731F00D633BB /* Base */ = {isa = PBXFileReference; lastKnownFileType = file.storyboard; name = Base; path = Base.lproj/LaunchScreen.storyboard; sourceTree = "<group>"; };
		3133B6C12548731F00D633BB /* Info.plist */ = {isa = PBXFileReference; lastKnownFileType = text.plist.xml; path = Info.plist; sourceTree = "<group>"; };
		31927A3B255095E6003EF79E /* CoreData.swift */ = {isa = PBXFileReference; lastKnownFileType = sourcecode.swift; path = CoreData.swift; sourceTree = "<group>"; };
		31927A3E2550BCD6003EF79E /* CoreMotionTask-Bridging-Header.h */ = {isa = PBXFileReference; lastKnownFileType = sourcecode.c.h; path = "CoreMotionTask-Bridging-Header.h"; sourceTree = "<group>"; };
		31927A3F2550BCD7003EF79E /* CHCSVParser.h */ = {isa = PBXFileReference; fileEncoding = 4; lastKnownFileType = sourcecode.c.h; path = CHCSVParser.h; sourceTree = "<group>"; };
		31927A402550BCD7003EF79E /* CHCSVParser.m */ = {isa = PBXFileReference; fileEncoding = 4; lastKnownFileType = sourcecode.c.objc; path = CHCSVParser.m; sourceTree = "<group>"; };
/* End PBXFileReference section */

/* Begin PBXFrameworksBuildPhase section */
		3133B6AD2548731D00D633BB /* Frameworks */ = {
			isa = PBXFrameworksBuildPhase;
			buildActionMask = 2147483647;
			files = (
			);
			runOnlyForDeploymentPostprocessing = 0;
		};
/* End PBXFrameworksBuildPhase section */

/* Begin PBXGroup section */
		3133B6A72548731D00D633BB = {
			isa = PBXGroup;
			children = (
				3133B6B22548731D00D633BB /* CoreMotionTask */,
				3133B6B12548731D00D633BB /* Products */,
			);
			sourceTree = "<group>";
		};
		3133B6B12548731D00D633BB /* Products */ = {
			isa = PBXGroup;
			children = (
				3133B6B02548731D00D633BB /* CoreMotionTask.app */,
			);
			name = Products;
			sourceTree = "<group>";
		};
		3133B6B22548731D00D633BB /* CoreMotionTask */ = {
			isa = PBXGroup;
			children = (
				31927A3F2550BCD7003EF79E /* CHCSVParser.h */,
				31927A402550BCD7003EF79E /* CHCSVParser.m */,
				3133B6B32548731D00D633BB /* AppDelegate.swift */,
				3133B6B52548731D00D633BB /* SceneDelegate.swift */,
				3133B6B72548731D00D633BB /* ViewController.swift */,
				31927A3B255095E6003EF79E /* CoreData.swift */,
				3133B6B92548731D00D633BB /* Main.storyboard */,
				3133B6BC2548731F00D633BB /* Assets.xcassets */,
				3133B6BE2548731F00D633BB /* LaunchScreen.storyboard */,
				3133B6C12548731F00D633BB /* Info.plist */,
				31927A3E2550BCD6003EF79E /* CoreMotionTask-Bridging-Header.h */,
			);
			path = CoreMotionTask;
			sourceTree = "<group>";
		};
/* End PBXGroup section */

/* Begin PBXNativeTarget section */
		3133B6AF2548731D00D633BB /* CoreMotionTask */ = {
			isa = PBXNativeTarget;
			buildConfigurationList = 3133B6C42548731F00D633BB /* Build configuration list for PBXNativeTarget "CoreMotionTask" */;
			buildPhases = (
				3133B6AC2548731D00D633BB /* Sources */,
				3133B6AD2548731D00D633BB /* Frameworks */,
				3133B6AE2548731D00D633BB /* Resources */,
			);
			buildRules = (
			);
			dependencies = (
			);
			name = CoreMotionTask;
			productName = CoreMotionTask;
			productReference = 3133B6B02548731D00D633BB /* CoreMotionTask.app */;
			productType = "com.apple.product-type.application";
		};
/* End PBXNativeTarget section */

/* Begin PBXProject section */
		3133B6A82548731D00D633BB /* Project object */ = {
			isa = PBXProject;
			attributes = {
				LastSwiftUpdateCheck = 1200;
				LastUpgradeCheck = 1200;
				TargetAttributes = {
					3133B6AF2548731D00D633BB = {
						CreatedOnToolsVersion = 12.0.1;
						LastSwiftMigration = 1210;
					};
				};
			};
			buildConfigurationList = 3133B6AB2548731D00D633BB /* Build configuration list for PBXProject "CoreMotionTask" */;
			compatibilityVersion = "Xcode 9.3";
			developmentRegion = en;
			hasScannedForEncodings = 0;
			knownRegions = (
				en,
				Base,
			);
			mainGroup = 3133B6A72548731D00D633BB;
			productRefGroup = 3133B6B12548731D00D633BB /* Products */;
			projectDirPath = "";
			projectRoot = "";
			targets = (
				3133B6AF2548731D00D633BB /* CoreMotionTask */,
			);
		};
/* End PBXProject section */

/* Begin PBXResourcesBuildPhase section */
		3133B6AE2548731D00D633BB /* Resources */ = {
			isa = PBXResourcesBuildPhase;
			buildActionMask = 2147483647;
			files = (
				3133B6C02548731F00D633BB /* LaunchScreen.storyboard in Resources */,
				3133B6BD2548731F00D633BB /* Assets.xcassets in Resources */,
				3133B6BB2548731D00D633BB /* Main.storyboard in Resources */,
			);
			runOnlyForDeploymentPostprocessing = 0;
		};
/* End PBXResourcesBuildPhase section */

/* Begin PBXSourcesBuildPhase section */
		3133B6AC2548731D00D633BB /* Sources */ = {
			isa = PBXSourcesBuildPhase;
			buildActionMask = 2147483647;
			files = (
				31927A3C255095E6003EF79E /* CoreData.swift in Sources */,
				3133B6B82548731D00D633BB /* ViewController.swift in Sources */,
				3133B6B42548731D00D633BB /* AppDelegate.swift in Sources */,
				31927A412550BCD7003EF79E /* CHCSVParser.m in Sources */,
				3133B6B62548731D00D633BB /* SceneDelegate.swift in Sources */,
			);
			runOnlyForDeploymentPostprocessing = 0;
		};
/* End PBXSourcesBuildPhase section */

/* Begin PBXVariantGroup section */
		3133B6B92548731D00D633BB /* Main.storyboard */ = {
			isa = PBXVariantGroup;
			children = (
				3133B6BA2548731D00D633BB /* Base */,
			);
			name = Main.storyboard;
			sourceTree = "<group>";
		};
		3133B6BE2548731F00D633BB /* LaunchScreen.storyboard */ = {
			isa = PBXVariantGroup;
			children = (
				3133B6BF2548731F00D633BB /* Base */,
			);
			name = LaunchScreen.storyboard;
			sourceTree = "<group>";
		};
/* End PBXVariantGroup section */

/* Begin XCBuildConfiguration section */
		3133B6C22548731F00D633BB /* Debug */ = {
			isa = XCBuildConfiguration;
			buildSettings = {
				ALWAYS_SEARCH_USER_PATHS = NO;
				CLANG_ANALYZER_NONNULL = YES;
				CLANG_ANALYZER_NUMBER_OBJECT_CONVERSION = YES_AGGRESSIVE;
				CLANG_CXX_LANGUAGE_STANDARD = "gnu++14";
				CLANG_CXX_LIBRARY = "libc++";
				CLANG_ENABLE_MODULES = YES;
				CLANG_ENABLE_OBJC_ARC = YES;
				CLANG_ENABLE_OBJC_WEAK = YES;
				CLANG_WARN_BLOCK_CAPTURE_AUTORELEASING = YES;
				CLANG_WARN_BOOL_CONVERSION = YES;
				CLANG_WARN_COMMA = YES;
				CLANG_WARN_CONSTANT_CONVERSION = YES;
				CLANG_WARN_DEPRECATED_OBJC_IMPLEMENTATIONS = YES;
				CLANG_WARN_DIRECT_OBJC_ISA_USAGE = YES_ERROR;
				CLANG_WARN_DOCUMENTATION_COMMENTS = YES;
				CLANG_WARN_EMPTY_BODY = YES;
				CLANG_WARN_ENUM_CONVERSION = YES;
				CLANG_WARN_INFINITE_RECURSION = YES;
				CLANG_WARN_INT_CONVERSION = YES;
				CLANG_WARN_NON_LITERAL_NULL_CONVERSION = YES;
				CLANG_WARN_OBJC_IMPLICIT_RETAIN_SELF = YES;
				CLANG_WARN_OBJC_LITERAL_CONVERSION = YES;
				CLANG_WARN_OBJC_ROOT_CLASS = YES_ERROR;
				CLANG_WARN_QUOTED_INCLUDE_IN_FRAMEWORK_HEADER = YES;
				CLANG_WARN_RANGE_LOOP_ANALYSIS = YES;
				CLANG_WARN_STRICT_PROTOTYPES = YES;
				CLANG_WARN_SUSPICIOUS_MOVE = YES;
				CLANG_WARN_UNGUARDED_AVAILABILITY = YES_AGGRESSIVE;
				CLANG_WARN_UNREACHABLE_CODE = YES;
				CLANG_WARN__DUPLICATE_METHOD_MATCH = YES;
				COPY_PHASE_STRIP = NO;
				DEBUG_INFORMATION_FORMAT = dwarf;
				ENABLE_STRICT_OBJC_MSGSEND = YES;
				ENABLE_TESTABILITY = YES;
				GCC_C_LANGUAGE_STANDARD = gnu11;
				GCC_DYNAMIC_NO_PIC = NO;
				GCC_NO_COMMON_BLOCKS = YES;
				GCC_OPTIMIZATION_LEVEL = 0;
				GCC_PREPROCESSOR_DEFINITIONS = (
					"DEBUG=1",
					"$(inherited)",
				);
				GCC_WARN_64_TO_32_BIT_CONVERSION = YES;
				GCC_WARN_ABOUT_RETURN_TYPE = YES_ERROR;
				GCC_WARN_UNDECLARED_SELECTOR = YES;
				GCC_WARN_UNINITIALIZED_AUTOS = YES_AGGRESSIVE;
				GCC_WARN_UNUSED_FUNCTION = YES;
				GCC_WARN_UNUSED_VARIABLE = YES;
				IPHONEOS_DEPLOYMENT_TARGET = 14.0;
				MTL_ENABLE_DEBUG_INFO = INCLUDE_SOURCE;
				MTL_FAST_MATH = YES;
				ONLY_ACTIVE_ARCH = YES;
				SDKROOT = iphoneos;
				SWIFT_ACTIVE_COMPILATION_CONDITIONS = DEBUG;
				SWIFT_OPTIMIZATION_LEVEL = "-Onone";
			};
			name = Debug;
		};
		3133B6C32548731F00D633BB /* Release */ = {
			isa = XCBuildConfiguration;
			buildSettings = {
				ALWAYS_SEARCH_USER_PATHS = NO;
				CLANG_ANALYZER_NONNULL = YES;
				CLANG_ANALYZER_NUMBER_OBJECT_CONVERSION = YES_AGGRESSIVE;
				CLANG_CXX_LANGUAGE_STANDARD = "gnu++14";
				CLANG_CXX_LIBRARY = "libc++";
				CLANG_ENABLE_MODULES = YES;
				CLANG_ENABLE_OBJC_ARC = YES;
				CLANG_ENABLE_OBJC_WEAK = YES;
				CLANG_WARN_BLOCK_CAPTURE_AUTORELEASING = YES;
				CLANG_WARN_BOOL_CONVERSION = YES;
				CLANG_WARN_COMMA = YES;
				CLANG_WARN_CONSTANT_CONVERSION = YES;
				CLANG_WARN_DEPRECATED_OBJC_IMPLEMENTATIONS = YES;
				CLANG_WARN_DIRECT_OBJC_ISA_USAGE = YES_ERROR;
				CLANG_WARN_DOCUMENTATION_COMMENTS = YES;
				CLANG_WARN_EMPTY_BODY = YES;
				CLANG_WARN_ENUM_CONVERSION = YES;
				CLANG_WARN_INFINITE_RECURSION = YES;
				CLANG_WARN_INT_CONVERSION = YES;
				CLANG_WARN_NON_LITERAL_NULL_CONVERSION = YES;
				CLANG_WARN_OBJC_IMPLICIT_RETAIN_SELF = YES;
				CLANG_WARN_OBJC_LITERAL_CONVERSION = YES;
				CLANG_WARN_OBJC_ROOT_CLASS = YES_ERROR;
				CLANG_WARN_QUOTED_INCLUDE_IN_FRAMEWORK_HEADER = YES;
				CLANG_WARN_RANGE_LOOP_ANALYSIS = YES;
				CLANG_WARN_STRICT_PROTOTYPES = YES;
				CLANG_WARN_SUSPICIOUS_MOVE = YES;
				CLANG_WARN_UNGUARDED_AVAILABILITY = YES_AGGRESSIVE;
				CLANG_WARN_UNREACHABLE_CODE = YES;
				CLANG_WARN__DUPLICATE_METHOD_MATCH = YES;
				COPY_PHASE_STRIP = NO;
				DEBUG_INFORMATION_FORMAT = "dwarf-with-dsym";
				ENABLE_NS_ASSERTIONS = NO;
				ENABLE_STRICT_OBJC_MSGSEND = YES;
				GCC_C_LANGUAGE_STANDARD = gnu11;
				GCC_NO_COMMON_BLOCKS = YES;
				GCC_WARN_64_TO_32_BIT_CONVERSION = YES;
				GCC_WARN_ABOUT_RETURN_TYPE = YES_ERROR;
				GCC_WARN_UNDECLARED_SELECTOR = YES;
				GCC_WARN_UNINITIALIZED_AUTOS = YES_AGGRESSIVE;
				GCC_WARN_UNUSED_FUNCTION = YES;
				GCC_WARN_UNUSED_VARIABLE = YES;
				IPHONEOS_DEPLOYMENT_TARGET = 14.0;
				MTL_ENABLE_DEBUG_INFO = NO;
				MTL_FAST_MATH = YES;
				SDKROOT = iphoneos;
				SWIFT_COMPILATION_MODE = wholemodule;
				SWIFT_OPTIMIZATION_LEVEL = "-O";
				VALIDATE_PRODUCT = YES;
			};
			name = Release;
		};
		3133B6C52548731F00D633BB /* Debug */ = {
			isa = XCBuildConfiguration;
			buildSettings = {
				ASSETCATALOG_COMPILER_APPICON_NAME = AppIcon;
				ASSETCATALOG_COMPILER_GLOBAL_ACCENT_COLOR_NAME = AccentColor;
				CLANG_ENABLE_MODULES = YES;
				CODE_SIGN_STYLE = Automatic;
				DEVELOPMENT_TEAM = 5YC9326P75;
				INFOPLIST_FILE = CoreMotionTask/Info.plist;
				LD_RUNPATH_SEARCH_PATHS = (
					"$(inherited)",
					"@executable_path/Frameworks",
				);
				PRODUCT_BUNDLE_IDENTIFIER = fbas3437.CoreMotionTask;
				PRODUCT_NAME = "$(TARGET_NAME)";
				SWIFT_OBJC_BRIDGING_HEADER = "CoreMotionTask/CoreMotionTask-Bridging-Header.h";
				SWIFT_OPTIMIZATION_LEVEL = "-Onone";
				SWIFT_VERSION = 5.0;
				TARGETED_DEVICE_FAMILY = "1,2";
			};
			name = Debug;
		};
		3133B6C62548731F00D633BB /* Release */ = {
			isa = XCBuildConfiguration;
			buildSettings = {
				ASSETCATALOG_COMPILER_APPICON_NAME = AppIcon;
				ASSETCATALOG_COMPILER_GLOBAL_ACCENT_COLOR_NAME = AccentColor;
				CLANG_ENABLE_MODULES = YES;
				CODE_SIGN_STYLE = Automatic;
				DEVELOPMENT_TEAM = 5YC9326P75;
				INFOPLIST_FILE = CoreMotionTask/Info.plist;
				LD_RUNPATH_SEARCH_PATHS = (
					"$(inherited)",
					"@executable_path/Frameworks",
				);
				PRODUCT_BUNDLE_IDENTIFIER = fbas3437.CoreMotionTask;
				PRODUCT_NAME = "$(TARGET_NAME)";
				SWIFT_OBJC_BRIDGING_HEADER = "CoreMotionTask/CoreMotionTask-Bridging-Header.h";
				SWIFT_VERSION = 5.0;
				TARGETED_DEVICE_FAMILY = "1,2";
			};
			name = Release;
		};
/* End XCBuildConfiguration section */

/* Begin XCConfigurationList section */
		3133B6AB2548731D00D633BB /* Build configuration list for PBXProject "CoreMotionTask" */ = {
			isa = XCConfigurationList;
			buildConfigurations = (
				3133B6C22548731F00D633BB /* Debug */,
				3133B6C32548731F00D633BB /* Release */,
			);
			defaultConfigurationIsVisible = 0;
			defaultConfigurationName = Release;
		};
		3133B6C42548731F00D633BB /* Build configuration list for PBXNativeTarget "CoreMotionTask" */ = {
			isa = XCConfigurationList;
			buildConfigurations = (
				3133B6C52548731F00D633BB /* Debug */,
				3133B6C62548731F00D633BB /* Release */,
			);
			defaultConfigurationIsVisible = 0;
			defaultConfigurationName = Release;
		};
/* End XCConfigurationList section */
	};
	rootObject = 3133B6A82548731D00D633BB /* Project object */;
}
